
Microsoft Visual Studio Solution File, Format Version 12.00
# Visual Studio Version 17
VisualStudioVersion = 17.14.37111.16 d17.14
MinimumVisualStudioVersion = 10.0.40219.1
Project("{FAE04EC0-301F-11D3-BF4B-00C04F79EFBC}") = "memory", "memory\memory.csproj", "{3F9A1012-6685-488A-90D2-A9B581628AE5}"
EndProject
Global
	GlobalSection(SolutionConfigurationPlatforms) = preSolution
		Debug|Any CPU = Debug|Any CPU
		Release|Any CPU = Release|Any CPU
	EndGlobalSection
	GlobalSection(ProjectConfigurationPlatforms) = postSolution
		{3F9A1012-6685-488A-90D2-A9B581628AE5}.Debug|Any CPU.ActiveCfg = Debug|Any CPU
		{3F9A1012-6685-488A-90D2-A9B581628AE5}.Debug|Any CPU.Build.0 = Debug|Any CPU
		{3F9A1012-6685-488A-90D2-A9B581628AE5}.Release|Any CPU.ActiveCfg = Release|Any CPU
		{3F9A1012-6685-488A-90D2-A9B581628AE5}.Release|Any CPU.Build.0 = Release|Any CPU
	EndGlobalSection
	GlobalSection(SolutionProperties) = preSolution
		HideSolutionNode = FALSE
	EndGlobalSection
	GlobalSection(ExtensibilityGlobals) = postSolution
		SolutionGuid = {6AC5B70F-9D24-4945-AD2F-DB38084FB372}
	EndGlobalSection
EndGlobal
